
Microsoft Visual Studio Solution File, Format Version 12.00
# Visual Studio Version 16
VisualStudioVersion = 16.0.31729.503
MinimumVisualStudioVersion = 10.0.40219.1
Project("{FAE04EC0-301F-11D3-BF4B-00C04F79EFBC}") = "SnakeAndLadder", "SnakeAndLadder\SnakeAndLadder.csproj", "{39EDA6C8-16F4-4082-949A-2480C7494730}"
EndProject
Global
	GlobalSection(SolutionConfigurationPlatforms) = preSolution
		Debug|Any CPU = Debug|Any CPU
		Release|Any CPU = Release|Any CPU
	EndGlobalSection
	GlobalSection(ProjectConfigurationPlatforms) = postSolution
		{39EDA6C8-16F4-4082-949A-2480C7494730}.Debug|Any CPU.ActiveCfg = Debug|Any CPU
		{39EDA6C8-16F4-4082-949A-2480C7494730}.Debug|Any CPU.Build.0 = Debug|Any CPU
		{39EDA6C8-16F4-4082-949A-2480C7494730}.Release|Any CPU.ActiveCfg = Release|Any CPU
		{39EDA6C8-16F4-4082-949A-2480C7494730}.Release|Any CPU.Build.0 = Release|Any CPU
	EndGlobalSection
	GlobalSection(SolutionProperties) = preSolution
		HideSolutionNode = FALSE
	EndGlobalSection
	GlobalSection(ExtensibilityGlobals) = postSolution
		SolutionGuid = {BBAC1B0C-44C7-467D-B637-FB76911AAE7A}
	EndGlobalSection
EndGlobal
